
Microsoft Visual Studio Solution File, Format Version 12.00
# Visual Studio Version 16
VisualStudioVersion = 16.0.30413.136
MinimumVisualStudioVersion = 10.0.40219.1
Project("{FAE04EC0-301F-11D3-BF4B-00C04F79EFBC}") = "Triangle", "Triangle.csproj", "{10AB2D32-8146-456A-B7EF-90ABD4E35FF5}"
EndProject
Global
	GlobalSection(SolutionConfigurationPlatforms) = preSolution
		Debug|Any CPU = Debug|Any CPU
		Release|Any CPU = Release|Any CPU
	EndGlobalSection
	GlobalSection(ProjectConfigurationPlatforms) = postSolution
		{10AB2D32-8146-456A-B7EF-90ABD4E35FF5}.Debug|Any CPU.ActiveCfg = Debug|Any CPU
		{10AB2D32-8146-456A-B7EF-90ABD4E35FF5}.Debug|Any CPU.Build.0 = Debug|Any CPU
		{10AB2D32-8146-456A-B7EF-90ABD4E35FF5}.Release|Any CPU.ActiveCfg = Release|Any CPU
		{10AB2D32-8146-456A-B7EF-90ABD4E35FF5}.Release|Any CPU.Build.0 = Release|Any CPU
	EndGlobalSection
	GlobalSection(SolutionProperties) = preSolution
		HideSolutionNode = FALSE
	EndGlobalSection
	GlobalSection(ExtensibilityGlobals) = postSolution
		SolutionGuid = {8931C651-4BB0-4D90-B372-D6AC6EC942F5}
	EndGlobalSection
EndGlobal
